
Microsoft Visual Studio Solution File, Format Version 12.00
# Visual Studio Version 17
VisualStudioVersion = 17.4.33205.214
MinimumVisualStudioVersion = 10.0.40219.1
Project("{2150E333-8FDC-42A3-9474-1A3956D46DE8}") = "src", "src", "{913775D8-6ACF-4851-AF42-A96D153579DA}"
EndProject
Project("{FAE04EC0-301F-11D3-BF4B-00C04F79EFBC}") = "IdentityProvider.WebApi", "src\IdentityProvider.WebApi\IdentityProvider.WebApi.csproj", "{A859CF5E-283B-4BE6-813E-D7956A6D299D}"
EndProject
Project("{FAE04EC0-301F-11D3-BF4B-00C04F79EFBC}") = "IdentityProvider.Persistence", "src\IdentityProvider.Persistence\IdentityProvider.Persistence.csproj", "{09355A1F-C196-4CC9-957D-C38B921A63C2}"
EndProject
Project("{FAE04EC0-301F-11D3-BF4B-00C04F79EFBC}") = "IdentityProvider.Application", "src\IdentityProvider.Application\IdentityProvider.Application.csproj", "{50EFC3BC-05DC-4E1A-9A4C-EEFC65E3D4BB}"
EndProject
Project("{FAE04EC0-301F-11D3-BF4B-00C04F79EFBC}") = "IdentityProvider.Service", "src\IdentityProvider.Service\IdentityProvider.Service.csproj", "{8DA68034-AE7B-4D43-8F86-811C387C6512}"
EndProject
Project("{FAE04EC0-301F-11D3-BF4B-00C04F79EFBC}") = "IdentityProvider.DataAccess", "src\IdentityProvider.DataAccess\IdentityProvider.DataAccess.csproj", "{76D60A43-9BD1-4ECB-B71B-C62A8DBDA8DC}"
EndProject
Project("{FAE04EC0-301F-11D3-BF4B-00C04F79EFBC}") = "IdentityProvider.Domain", "src\IdentityProvider.Domain\IdentityProvider.Domain.csproj", "{8549CCB1-9ACB-40E6-A739-8520E9D58D2B}"
EndProject
Global
	GlobalSection(SolutionConfigurationPlatforms) = preSolution
		Debug|Any CPU = Debug|Any CPU
		Release|Any CPU = Release|Any CPU
	EndGlobalSection
	GlobalSection(ProjectConfigurationPlatforms) = postSolution
		{A859CF5E-283B-4BE6-813E-D7956A6D299D}.Debug|Any CPU.ActiveCfg = Debug|Any CPU
		{A859CF5E-283B-4BE6-813E-D7956A6D299D}.Debug|Any CPU.Build.0 = Debug|Any CPU
		{A859CF5E-283B-4BE6-813E-D7956A6D299D}.Release|Any CPU.ActiveCfg = Release|Any CPU
		{A859CF5E-283B-4BE6-813E-D7956A6D299D}.Release|Any CPU.Build.0 = Release|Any CPU
		{09355A1F-C196-4CC9-957D-C38B921A63C2}.Debug|Any CPU.ActiveCfg = Debug|Any CPU
		{09355A1F-C196-4CC9-957D-C38B921A63C2}.Debug|Any CPU.Build.0 = Debug|Any CPU
		{09355A1F-C196-4CC9-957D-C38B921A63C2}.Release|Any CPU.ActiveCfg = Release|Any CPU
		{09355A1F-C196-4CC9-957D-C38B921A63C2}.Release|Any CPU.Build.0 = Release|Any CPU
		{50EFC3BC-05DC-4E1A-9A4C-EEFC65E3D4BB}.Debug|Any CPU.ActiveCfg = Debug|Any CPU
		{50EFC3BC-05DC-4E1A-9A4C-EEFC65E3D4BB}.Debug|Any CPU.Build.0 = Debug|Any CPU
		{50EFC3BC-05DC-4E1A-9A4C-EEFC65E3D4BB}.Release|Any CPU.ActiveCfg = Release|Any CPU
		{50EFC3BC-05DC-4E1A-9A4C-EEFC65E3D4BB}.Release|Any CPU.Build.0 = Release|Any CPU
		{8DA68034-AE7B-4D43-8F86-811C387C6512}.Debug|Any CPU.ActiveCfg = Debug|Any CPU
		{8DA68034-AE7B-4D43-8F86-811C387C6512}.Debug|Any CPU.Build.0 = Debug|Any CPU
		{8DA68034-AE7B-4D43-8F86-811C387C6512}.Release|Any CPU.ActiveCfg = Release|Any CPU
		{8DA68034-AE7B-4D43-8F86-811C387C6512}.Release|Any CPU.Build.0 = Release|Any CPU
		{76D60A43-9BD1-4ECB-B71B-C62A8DBDA8DC}.Debug|Any CPU.ActiveCfg = Debug|Any CPU
		{76D60A43-9BD1-4ECB-B71B-C62A8DBDA8DC}.Debug|Any CPU.Build.0 = Debug|Any CPU
		{76D60A43-9BD1-4ECB-B71B-C62A8DBDA8DC}.Release|Any CPU.ActiveCfg = Release|Any CPU
		{76D60A43-9BD1-4ECB-B71B-C62A8DBDA8DC}.Release|Any CPU.Build.0 = Release|Any CPU
		{8549CCB1-9ACB-40E6-A739-8520E9D58D2B}.Debug|Any CPU.ActiveCfg = Debug|Any CPU
		{8549CCB1-9ACB-40E6-A739-8520E9D58D2B}.Debug|Any CPU.Build.0 = Debug|Any CPU
		{8549CCB1-9ACB-40E6-A739-8520E9D58D2B}.Release|Any CPU.ActiveCfg = Release|Any CPU
		{8549CCB1-9ACB-40E6-A739-8520E9D58D2B}.Release|Any CPU.Build.0 = Release|Any CPU
	EndGlobalSection
	GlobalSection(SolutionProperties) = preSolution
		HideSolutionNode = FALSE
	EndGlobalSection
	GlobalSection(NestedProjects) = preSolution
		{A859CF5E-283B-4BE6-813E-D7956A6D299D} = {913775D8-6ACF-4851-AF42-A96D153579DA}
		{09355A1F-C196-4CC9-957D-C38B921A63C2} = {913775D8-6ACF-4851-AF42-A96D153579DA}
		{50EFC3BC-05DC-4E1A-9A4C-EEFC65E3D4BB} = {913775D8-6ACF-4851-AF42-A96D153579DA}
		{8DA68034-AE7B-4D43-8F86-811C387C6512} = {913775D8-6ACF-4851-AF42-A96D153579DA}
		{76D60A43-9BD1-4ECB-B71B-C62A8DBDA8DC} = {913775D8-6ACF-4851-AF42-A96D153579DA}
		{8549CCB1-9ACB-40E6-A739-8520E9D58D2B} = {913775D8-6ACF-4851-AF42-A96D153579DA}
	EndGlobalSection
	GlobalSection(ExtensibilityGlobals) = postSolution
		SolutionGuid = {988474FE-B9EA-4FF6-9367-159C85AC8203}
	EndGlobalSection
EndGlobal
